// !$*UTF8*$!
{
	archiveVersion = 1;
	classes = {
	};
	objectVersion = 46;
	objects = {

/* Begin PBXBuildFile section */
		D96936341E4BEAD30066C499 /* AppDelegate.swift in Sources */ = {isa = PBXBuildFile; fileRef = D96936331E4BEAD30066C499 /* AppDelegate.swift */; };
		D96936361E4BEAD30066C499 /* ViewController.swift in Sources */ = {isa = PBXBuildFile; fileRef = D96936351E4BEAD30066C499 /* ViewController.swift */; };
		D96936391E4BEAD30066C499 /* Main.storyboard in Resources */ = {isa = PBXBuildFile; fileRef = D96936371E4BEAD30066C499 /* Main.storyboard */; };
		D969363B1E4BEAD30066C499 /* Assets.xcassets in Resources */ = {isa = PBXBuildFile; fileRef = D969363A1E4BEAD30066C499 /* Assets.xcassets */; };
		D969363E1E4BEAD30066C499 /* LaunchScreen.storyboard in Resources */ = {isa = PBXBuildFile; fileRef = D969363C1E4BEAD30066C499 /* LaunchScreen.storyboard */; };
		D96936461E4BEB570066C499 /* ArcGIS.bundle in Resources */ = {isa = PBXBuildFile; fileRef = D96936451E4BEB570066C499 /* ArcGIS.bundle */; };
/* End PBXBuildFile section */

/* Begin PBXFileReference section */
		D96936301E4BEAD30066C499 /* DevSummitDemo.app */ = {isa = PBXFileReference; explicitFileType = wrapper.application; includeInIndex = 0; path = DevSummitDemo.app; sourceTree = BUILT_PRODUCTS_DIR; };
		D96936331E4BEAD30066C499 /* AppDelegate.swift */ = {isa = PBXFileReference; lastKnownFileType = sourcecode.swift; path = AppDelegate.swift; sourceTree = "<group>"; };
		D96936351E4BEAD30066C499 /* ViewController.swift */ = {isa = PBXFileReference; lastKnownFileType = sourcecode.swift; path = ViewController.swift; sourceTree = "<group>"; };
		D96936381E4BEAD30066C499 /* Base */ = {isa = PBXFileReference; lastKnownFileType = file.storyboard; name = Base; path = Base.lproj/Main.storyboard; sourceTree = "<group>"; };
		D969363A1E4BEAD30066C499 /* Assets.xcassets */ = {isa = PBXFileReference; lastKnownFileType = folder.assetcatalog; path = Assets.xcassets; sourceTree = "<group>"; };
		D969363D1E4BEAD30066C499 /* Base */ = {isa = PBXFileReference; lastKnownFileType = file.storyboard; name = Base; path = Base.lproj/LaunchScreen.storyboard; sourceTree = "<group>"; };
		D969363F1E4BEAD40066C499 /* Info.plist */ = {isa = PBXFileReference; lastKnownFileType = text.plist.xml; path = Info.plist; sourceTree = "<group>"; };
		D96936451E4BEB570066C499 /* ArcGIS.bundle */ = {isa = PBXFileReference; lastKnownFileType = "wrapper.plug-in"; path = ArcGIS.bundle; sourceTree = "<group>"; };
/* End PBXFileReference section */

/* Begin PBXFrameworksBuildPhase section */
		D969362D1E4BEAD30066C499 /* Frameworks */ = {
			isa = PBXFrameworksBuildPhase;
			buildActionMask = 2147483647;
			files = (
			);
			runOnlyForDeploymentPostprocessing = 0;
		};
/* End PBXFrameworksBuildPhase section */

/* Begin PBXGroup section */
		D96936271E4BEAD30066C499 = {
			isa = PBXGroup;
			children = (
				D96936321E4BEAD30066C499 /* DevSummitDemo */,
				D96936311E4BEAD30066C499 /* Products */,
			);
			sourceTree = "<group>";
		};
		D96936311E4BEAD30066C499 /* Products */ = {
			isa = PBXGroup;
			children = (
				D96936301E4BEAD30066C499 /* DevSummitDemo.app */,
			);
			name = Products;
			sourceTree = "<group>";
		};
		D96936321E4BEAD30066C499 /* DevSummitDemo */ = {
			isa = PBXGroup;
			children = (
				D96936331E4BEAD30066C499 /* AppDelegate.swift */,
				D96936351E4BEAD30066C499 /* ViewController.swift */,
				D96936371E4BEAD30066C499 /* Main.storyboard */,
				D969363A1E4BEAD30066C499 /* Assets.xcassets */,
				D969363C1E4BEAD30066C499 /* LaunchScreen.storyboard */,
				D969363F1E4BEAD40066C499 /* Info.plist */,
				D96936451E4BEB570066C499 /* ArcGIS.bundle */,
			);
			path = DevSummitDemo;
			sourceTree = "<group>";
		};
/* End PBXGroup section */

/* Begin PBXNativeTarget section */
		D969362F1E4BEAD30066C499 /* DevSummitDemo */ = {
			isa = PBXNativeTarget;
			buildConfigurationList = D96936421E4BEAD40066C499 /* Build configuration list for PBXNativeTarget "DevSummitDemo" */;
			buildPhases = (
				D969362C1E4BEAD30066C499 /* Sources */,
				D969362D1E4BEAD30066C499 /* Frameworks */,
				D969362E1E4BEAD30066C499 /* Resources */,
			);
			buildRules = (
			);
			dependencies = (
			);
			name = DevSummitDemo;
			productName = DevSummitDemo;
			productReference = D96936301E4BEAD30066C499 /* DevSummitDemo.app */;
			productType = "com.apple.product-type.application";
		};
/* End PBXNativeTarget section */

/* Begin PBXProject section */
		D96936281E4BEAD30066C499 /* Project object */ = {
			isa = PBXProject;
			attributes = {
				LastSwiftUpdateCheck = 0820;
				LastUpgradeCheck = 0820;
				ORGANIZATIONNAME = Esri;
				TargetAttributes = {
					D969362F1E4BEAD30066C499 = {
						CreatedOnToolsVersion = 8.2.1;
						DevelopmentTeam = J8UEUYLV27;
						ProvisioningStyle = Automatic;
					};
				};
			};
			buildConfigurationList = D969362B1E4BEAD30066C499 /* Build configuration list for PBXProject "DevSummitDemo" */;
			compatibilityVersion = "Xcode 3.2";
			developmentRegion = English;
			hasScannedForEncodings = 0;
			knownRegions = (
				en,
				Base,
			);
			mainGroup = D96936271E4BEAD30066C499;
			productRefGroup = D96936311E4BEAD30066C499 /* Products */;
			projectDirPath = "";
			projectRoot = "";
			targets = (
				D969362F1E4BEAD30066C499 /* DevSummitDemo */,
			);
		};
/* End PBXProject section */

/* Begin PBXResourcesBuildPhase section */
		D969362E1E4BEAD30066C499 /* Resources */ = {
			isa = PBXResourcesBuildPhase;
			buildActionMask = 2147483647;
			files = (
				D969363E1E4BEAD30066C499 /* LaunchScreen.storyboard in Resources */,
				D969363B1E4BEAD30066C499 /* Assets.xcassets in Resources */,
				D96936461E4BEB570066C499 /* ArcGIS.bundle in Resources */,
				D96936391E4BEAD30066C499 /* Main.storyboard in Resources */,
			);
			runOnlyForDeploymentPostprocessing = 0;
		};
/* End PBXResourcesBuildPhase section */

/* Begin PBXSourcesBuildPhase section */
		D969362C1E4BEAD30066C499 /* Sources */ = {
			isa = PBXSourcesBuildPhase;
			buildActionMask = 2147483647;
			files = (
				D96936361E4BEAD30066C499 /* ViewController.swift in Sources */,
				D96936341E4BEAD30066C499 /* AppDelegate.swift in Sources */,
			);
			runOnlyForDeploymentPostprocessing = 0;
		};
/* End PBXSourcesBuildPhase section */

/* Begin PBXVariantGroup section */
		D96936371E4BEAD30066C499 /* Main.storyboard */ = {
			isa = PBXVariantGroup;
			children = (
				D96936381E4BEAD30066C499 /* Base */,
			);
			name = Main.storyboard;
			sourceTree = "<group>";
		};
		D969363C1E4BEAD30066C499 /* LaunchScreen.storyboard */ = {
			isa = PBXVariantGroup;
			children = (
				D969363D1E4BEAD30066C499 /* Base */,
			);
			name = LaunchScreen.storyboard;
			sourceTree = "<group>";
		};
/* End PBXVariantGroup section */

/* Begin XCBuildConfiguration section */
		D96936401E4BEAD40066C499 /* Debug */ = {
			isa = XCBuildConfiguration;
			buildSettings = {
				ALWAYS_SEARCH_USER_PATHS = NO;
				CLANG_ANALYZER_NONNULL = YES;
				CLANG_CXX_LANGUAGE_STANDARD = "gnu++0x";
				CLANG_CXX_LIBRARY = "libc++";
				CLANG_ENABLE_MODULES = YES;
				CLANG_ENABLE_OBJC_ARC = YES;
				CLANG_WARN_BOOL_CONVERSION = YES;
				CLANG_WARN_CONSTANT_CONVERSION = YES;
				CLANG_WARN_DIRECT_OBJC_ISA_USAGE = YES_ERROR;
				CLANG_WARN_DOCUMENTATION_COMMENTS = YES;
				CLANG_WARN_EMPTY_BODY = YES;
				CLANG_WARN_ENUM_CONVERSION = YES;
				CLANG_WARN_INFINITE_RECURSION = YES;
				CLANG_WARN_INT_CONVERSION = YES;
				CLANG_WARN_OBJC_ROOT_CLASS = YES_ERROR;
				CLANG_WARN_SUSPICIOUS_MOVE = YES;
				CLANG_WARN_UNREACHABLE_CODE = YES;
				CLANG_WARN__DUPLICATE_METHOD_MATCH = YES;
				"CODE_SIGN_IDENTITY[sdk=iphoneos*]" = "iPhone Developer";
				COPY_PHASE_STRIP = NO;
				DEBUG_INFORMATION_FORMAT = dwarf;
				ENABLE_STRICT_OBJC_MSGSEND = YES;
				ENABLE_TESTABILITY = YES;
				GCC_C_LANGUAGE_STANDARD = gnu99;
				GCC_DYNAMIC_NO_PIC = NO;
				GCC_NO_COMMON_BLOCKS = YES;
				GCC_OPTIMIZATION_LEVEL = 0;
				GCC_PREPROCESSOR_DEFINITIONS = (
					"DEBUG=1",
					"$(inherited)",
				);
				GCC_WARN_64_TO_32_BIT_CONVERSION = YES;
				GCC_WARN_ABOUT_RETURN_TYPE = YES_ERROR;
				GCC_WARN_UNDECLARED_SELECTOR = YES;
				GCC_WARN_UNINITIALIZED_AUTOS = YES_AGGRESSIVE;
				GCC_WARN_UNUSED_FUNCTION = YES;
				GCC_WARN_UNUSED_VARIABLE = YES;
				IPHONEOS_DEPLOYMENT_TARGET = 10.2;
				MTL_ENABLE_DEBUG_INFO = YES;
				ONLY_ACTIVE_ARCH = YES;
				SDKROOT = iphoneos;
				SWIFT_ACTIVE_COMPILATION_CONDITIONS = DEBUG;
				SWIFT_OPTIMIZATION_LEVEL = "-Onone";
				TARGETED_DEVICE_FAMILY = "1,2";
			};
			name = Debug;
		};
		D96936411E4BEAD40066C499 /* Release */ = {
			isa = XCBuildConfiguration;
			buildSettings = {
				ALWAYS_SEARCH_USER_PATHS = NO;
				CLANG_ANALYZER_NONNULL = YES;
				CLANG_CXX_LANGUAGE_STANDARD = "gnu++0x";
				CLANG_CXX_LIBRARY = "libc++";
				CLANG_ENABLE_MODULES = YES;
				CLANG_ENABLE_OBJC_ARC = YES;
				CLANG_WARN_BOOL_CONVERSION = YES;
				CLANG_WARN_CONSTANT_CONVERSION = YES;
				CLANG_WARN_DIRECT_OBJC_ISA_USAGE = YES_ERROR;
				CLANG_WARN_DOCUMENTATION_COMMENTS = YES;
				CLANG_WARN_EMPTY_BODY = YES;
				CLANG_WARN_ENUM_CONVERSION = YES;
				CLANG_WARN_INFINITE_RECURSION = YES;
				CLANG_WARN_INT_CONVERSION = YES;
				CLANG_WARN_OBJC_ROOT_CLASS = YES_ERROR;
				CLANG_WARN_SUSPICIOUS_MOVE = YES;
				CLANG_WARN_UNREACHABLE_CODE = YES;
				CLANG_WARN__DUPLICATE_METHOD_MATCH = YES;
				"CODE_SIGN_IDENTITY[sdk=iphoneos*]" = "iPhone Developer";
				COPY_PHASE_STRIP = NO;
				DEBUG_INFORMATION_FORMAT = "dwarf-with-dsym";
				ENABLE_NS_ASSERTIONS = NO;
				ENABLE_STRICT_OBJC_MSGSEND = YES;
				GCC_C_LANGUAGE_STANDARD = gnu99;
				GCC_NO_COMMON_BLOCKS = YES;
				GCC_WARN_64_TO_32_BIT_CONVERSION = YES;
				GCC_WARN_ABOUT_RETURN_TYPE = YES_ERROR;
				GCC_WARN_UNDECLARED_SELECTOR = YES;
				GCC_WARN_UNINITIALIZED_AUTOS = YES_AGGRESSIVE;
				GCC_WARN_UNUSED_FUNCTION = YES;
				GCC_WARN_UNUSED_VARIABLE = YES;
				IPHONEOS_DEPLOYMENT_TARGET = 10.2;
				MTL_ENABLE_DEBUG_INFO = NO;
				SDKROOT = iphoneos;
				SWIFT_OPTIMIZATION_LEVEL = "-Owholemodule";
				TARGETED_DEVICE_FAMILY = "1,2";
				VALIDATE_PRODUCT = YES;
			};
			name = Release;
		};
		D96936431E4BEAD40066C499 /* Debug */ = {
			isa = XCBuildConfiguration;
			buildSettings = {
				ASSETCATALOG_COMPILER_APPICON_NAME = AppIcon;
				DEVELOPMENT_TEAM = J8UEUYLV27;
				FRAMEWORK_SEARCH_PATHS = "$(HOME)/Library/SDKs/ArcGIS/iOS/Frameworks/Static";
				INFOPLIST_FILE = DevSummitDemo/Info.plist;
				LD_RUNPATH_SEARCH_PATHS = "$(inherited) @executable_path/Frameworks";
				OTHER_LDFLAGS = (
					"-ObjC",
					"-framework",
					ArcGIS,
					"-l",
					"c++",
				);
				PRODUCT_BUNDLE_IDENTIFIER = com.esri.geodev.DevSummitDemo;
				PRODUCT_NAME = "$(TARGET_NAME)";
				SWIFT_VERSION = 3.0;
			};
			name = Debug;
		};
		D96936441E4BEAD40066C499 /* Release */ = {
			isa = XCBuildConfiguration;
			buildSettings = {
				ASSETCATALOG_COMPILER_APPICON_NAME = AppIcon;
				DEVELOPMENT_TEAM = J8UEUYLV27;
				FRAMEWORK_SEARCH_PATHS = "$(HOME)/Library/SDKs/ArcGIS/iOS/Frameworks/Static";
				INFOPLIST_FILE = DevSummitDemo/Info.plist;
				LD_RUNPATH_SEARCH_PATHS = "$(inherited) @executable_path/Frameworks";
				OTHER_LDFLAGS = (
					"-ObjC",
					"-framework",
					ArcGIS,
					"-l",
					"c++",
				);
				PRODUCT_BUNDLE_IDENTIFIER = com.esri.geodev.DevSummitDemo;
				PRODUCT_NAME = "$(TARGET_NAME)";
				SWIFT_VERSION = 3.0;
			};
			name = Release;
		};
/* End XCBuildConfiguration section */

/* Begin XCConfigurationList section */
		D969362B1E4BEAD30066C499 /* Build configuration list for PBXProject "DevSummitDemo" */ = {
			isa = XCConfigurationList;
			buildConfigurations = (
				D96936401E4BEAD40066C499 /* Debug */,
				D96936411E4BEAD40066C499 /* Release */,
			);
			defaultConfigurationIsVisible = 0;
			defaultConfigurationName = Release;
		};
		D96936421E4BEAD40066C499 /* Build configuration list for PBXNativeTarget "DevSummitDemo" */ = {
			isa = XCConfigurationList;
			buildConfigurations = (
				D96936431E4BEAD40066C499 /* Debug */,
				D96936441E4BEAD40066C499 /* Release */,
			);
			defaultConfigurationIsVisible = 0;
		};
/* End XCConfigurationList section */
	};
	rootObject = D96936281E4BEAD30066C499 /* Project object */;
}
